
Microsoft Visual Studio Solution File, Format Version 12.00
# Visual Studio Version 17
VisualStudioVersion = 17.0.31903.59
MinimumVisualStudioVersion = 10.0.40219.1
Project("{9A19103F-16F7-4668-BE54-9A1E7A4F7556}") = "SomeProject", "src\SomeProject\SomeProject.csproj", "{A614DDE5-0381-4832-9E03-7F3383C0180D}"
EndProject
Project("{9A19103F-16F7-4668-BE54-9A1E7A4F7556}") = "SourceGenerator", "src\SourceGenerator\SourceGenerator.csproj", "{557C77E9-BC7B-44C2-87A6-D3B421F1DD91}"
EndProject
Project("{9A19103F-16F7-4668-BE54-9A1E7A4F7556}") = "SourceGeneratorLibrary", "src\SorceGeneratorLibrary\SourceGeneratorLibrary.csproj", "{54D793BB-5332-4389-84ED-6FE035CD711C}"
EndProject
Project("{9A19103F-16F7-4668-BE54-9A1E7A4F7556}") = "SorceGeneratorTests", "tests\SorceGeneratorTests\SorceGeneratorTests.csproj", "{5717C7B4-EDA8-40C8-8DDB-239975E5ADBD}"
EndProject
Project("{FAE04EC0-301F-11D3-BF4B-00C04F79EFBC}") = "SorceGeneratorPlaygroundProject", "src\SorceGeneratorPlaygroundProject\SorceGeneratorPlaygroundProject.csproj", "{45D89581-320E-4086-9BE7-C65A7F8DAE5C}"
EndProject
Global
	GlobalSection(SolutionConfigurationPlatforms) = preSolution
		Debug|Any CPU = Debug|Any CPU
		Release|Any CPU = Release|Any CPU
	EndGlobalSection
	GlobalSection(ProjectConfigurationPlatforms) = postSolution
		{A614DDE5-0381-4832-9E03-7F3383C0180D}.Debug|Any CPU.ActiveCfg = Debug|Any CPU
		{A614DDE5-0381-4832-9E03-7F3383C0180D}.Debug|Any CPU.Build.0 = Debug|Any CPU
		{A614DDE5-0381-4832-9E03-7F3383C0180D}.Release|Any CPU.ActiveCfg = Release|Any CPU
		{A614DDE5-0381-4832-9E03-7F3383C0180D}.Release|Any CPU.Build.0 = Release|Any CPU
		{557C77E9-BC7B-44C2-87A6-D3B421F1DD91}.Debug|Any CPU.ActiveCfg = Debug|Any CPU
		{557C77E9-BC7B-44C2-87A6-D3B421F1DD91}.Debug|Any CPU.Build.0 = Debug|Any CPU
		{557C77E9-BC7B-44C2-87A6-D3B421F1DD91}.Release|Any CPU.ActiveCfg = Release|Any CPU
		{557C77E9-BC7B-44C2-87A6-D3B421F1DD91}.Release|Any CPU.Build.0 = Release|Any CPU
		{54D793BB-5332-4389-84ED-6FE035CD711C}.Debug|Any CPU.ActiveCfg = Debug|Any CPU
		{54D793BB-5332-4389-84ED-6FE035CD711C}.Debug|Any CPU.Build.0 = Debug|Any CPU
		{54D793BB-5332-4389-84ED-6FE035CD711C}.Release|Any CPU.ActiveCfg = Release|Any CPU
		{54D793BB-5332-4389-84ED-6FE035CD711C}.Release|Any CPU.Build.0 = Release|Any CPU
		{5717C7B4-EDA8-40C8-8DDB-239975E5ADBD}.Debug|Any CPU.ActiveCfg = Debug|Any CPU
		{5717C7B4-EDA8-40C8-8DDB-239975E5ADBD}.Debug|Any CPU.Build.0 = Debug|Any CPU
		{5717C7B4-EDA8-40C8-8DDB-239975E5ADBD}.Release|Any CPU.ActiveCfg = Release|Any CPU
		{5717C7B4-EDA8-40C8-8DDB-239975E5ADBD}.Release|Any CPU.Build.0 = Release|Any CPU
		{45D89581-320E-4086-9BE7-C65A7F8DAE5C}.Debug|Any CPU.ActiveCfg = Debug|Any CPU
		{45D89581-320E-4086-9BE7-C65A7F8DAE5C}.Debug|Any CPU.Build.0 = Debug|Any CPU
		{45D89581-320E-4086-9BE7-C65A7F8DAE5C}.Release|Any CPU.ActiveCfg = Release|Any CPU
		{45D89581-320E-4086-9BE7-C65A7F8DAE5C}.Release|Any CPU.Build.0 = Release|Any CPU
	EndGlobalSection
	GlobalSection(SolutionProperties) = preSolution
		HideSolutionNode = FALSE
	EndGlobalSection
	GlobalSection(ExtensibilityGlobals) = postSolution
		SolutionGuid = {69E9FCDC-B2B9-4CCA-811A-B9AE0C2488C8}
	EndGlobalSection
EndGlobal
